Microsoft Visual Studio Solution File, Format Version 12.00
# Visual Studio Version 17
VisualStudioVersion = 17.5.2.0
MinimumVisualStudioVersion = 10.0.40219.1
Project("{FAE04EC0-301F-11D3-BF4B-00C04F79EFBC}") = "ClickGuardian", "ClickGuardian.csproj", "{95A122D3-F2E2-B7D6-2275-9429AA7E3407}"
EndProject
Global
	GlobalSection(SolutionConfigurationPlatforms) = preSolution
		Debug|Any CPU = Debug|Any CPU
		Release|Any CPU = Release|Any CPU
	EndGlobalSection
	GlobalSection(ProjectConfigurationPlatforms) = postSolution
		{95A122D3-F2E2-B7D6-2275-9429AA7E3407}.Debug|Any CPU.ActiveCfg = Debug|Any CPU
		{95A122D3-F2E2-B7D6-2275-9429AA7E3407}.Debug|Any CPU.Build.0 = Debug|Any CPU
		{95A122D3-F2E2-B7D6-2275-9429AA7E3407}.Release|Any CPU.ActiveCfg = Release|Any CPU
		{95A122D3-F2E2-B7D6-2275-9429AA7E3407}.Release|Any CPU.Build.0 = Release|Any CPU
	EndGlobalSection
	GlobalSection(SolutionProperties) = preSolution
		HideSolutionNode = FALSE
	EndGlobalSection
	GlobalSection(ExtensibilityGlobals) = postSolution
		SolutionGuid = {A5E6BFFE-EFA3-4112-8B61-97DD12709205}
	EndGlobalSection
EndGlobal
